Microsoft Visual Studio Solution File, Format Version 12.00
# Visual Studio Version 17
VisualStudioVersion = 17.5.2.0
MinimumVisualStudioVersion = 10.0.40219.1
Project("{FAE04EC0-301F-11D3-BF4B-00C04F79EFBC}") = "SmartleaseUploader", "azure_uploader\SmartleaseUploader.csproj", "{DB6CF9F7-0418-82A2-E7A0-D548726A96A4}"
EndProject
Global
	GlobalSection(SolutionConfigurationPlatforms) = preSolution
		Debug|Any CPU = Debug|Any CPU
		Release|Any CPU = Release|Any CPU
	EndGlobalSection
	GlobalSection(ProjectConfigurationPlatforms) = postSolution
		{DB6CF9F7-0418-82A2-E7A0-D548726A96A4}.Debug|Any CPU.ActiveCfg = Debug|Any CPU
		{DB6CF9F7-0418-82A2-E7A0-D548726A96A4}.Debug|Any CPU.Build.0 = Debug|Any CPU
		{DB6CF9F7-0418-82A2-E7A0-D548726A96A4}.Release|Any CPU.ActiveCfg = Release|Any CPU
		{DB6CF9F7-0418-82A2-E7A0-D548726A96A4}.Release|Any CPU.Build.0 = Release|Any CPU
	EndGlobalSection
	GlobalSection(SolutionProperties) = preSolution
		HideSolutionNode = FALSE
	EndGlobalSection
	GlobalSection(ExtensibilityGlobals) = postSolution
		SolutionGuid = {6F9687AD-6E42-4138-8DBF-E7B5B3407193}
	EndGlobalSection
EndGlobal
